
Microsoft Visual Studio Solution File, Format Version 12.00
# Visual Studio Version 17
VisualStudioVersion = 17.8.34601.278
MinimumVisualStudioVersion = 10.0.40219.1
Project("{FAE04EC0-301F-11D3-BF4B-00C04F79EFBC}") = "MiniProject_CourseApplicaton", "MiniProject_CourseApplicaton\MiniProject_CourseApplicaton.csproj", "{0C591F96-633B-43FD-9450-E2D5884875BE}"
EndProject
Project("{FAE04EC0-301F-11D3-BF4B-00C04F79EFBC}") = "Domain", "Domain\Domain.csproj", "{A9B27459-1A06-4396-AAD7-B7B7D55E6B6F}"
EndProject
Project("{FAE04EC0-301F-11D3-BF4B-00C04F79EFBC}") = "Repository", "Repository\Repository.csproj", "{B7D6E884-93AE-426E-9145-7C3910A85E84}"
EndProject
Project("{FAE04EC0-301F-11D3-BF4B-00C04F79EFBC}") = "Service", "Service\Service.csproj", "{69717653-D8F5-4FF4-979E-D5060E313805}"
EndProject
Global
	GlobalSection(SolutionConfigurationPlatforms) = preSolution
		Debug|Any CPU = Debug|Any CPU
		Release|Any CPU = Release|Any CPU
	EndGlobalSection
	GlobalSection(ProjectConfigurationPlatforms) = postSolution
		{0C591F96-633B-43FD-9450-E2D5884875BE}.Debug|Any CPU.ActiveCfg = Debug|Any CPU
		{0C591F96-633B-43FD-9450-E2D5884875BE}.Debug|Any CPU.Build.0 = Debug|Any CPU
		{0C591F96-633B-43FD-9450-E2D5884875BE}.Release|Any CPU.ActiveCfg = Release|Any CPU
		{0C591F96-633B-43FD-9450-E2D5884875BE}.Release|Any CPU.Build.0 = Release|Any CPU
		{A9B27459-1A06-4396-AAD7-B7B7D55E6B6F}.Debug|Any CPU.ActiveCfg = Debug|Any CPU
		{A9B27459-1A06-4396-AAD7-B7B7D55E6B6F}.Debug|Any CPU.Build.0 = Debug|Any CPU
		{A9B27459-1A06-4396-AAD7-B7B7D55E6B6F}.Release|Any CPU.ActiveCfg = Release|Any CPU
		{A9B27459-1A06-4396-AAD7-B7B7D55E6B6F}.Release|Any CPU.Build.0 = Release|Any CPU
		{B7D6E884-93AE-426E-9145-7C3910A85E84}.Debug|Any CPU.ActiveCfg = Debug|Any CPU
		{B7D6E884-93AE-426E-9145-7C3910A85E84}.Debug|Any CPU.Build.0 = Debug|Any CPU
		{B7D6E884-93AE-426E-9145-7C3910A85E84}.Release|Any CPU.ActiveCfg = Release|Any CPU
		{B7D6E884-93AE-426E-9145-7C3910A85E84}.Release|Any CPU.Build.0 = Release|Any CPU
		{69717653-D8F5-4FF4-979E-D5060E313805}.Debug|Any CPU.ActiveCfg = Debug|Any CPU
		{69717653-D8F5-4FF4-979E-D5060E313805}.Debug|Any CPU.Build.0 = Debug|Any CPU
		{69717653-D8F5-4FF4-979E-D5060E313805}.Release|Any CPU.ActiveCfg = Release|Any CPU
		{69717653-D8F5-4FF4-979E-D5060E313805}.Release|Any CPU.Build.0 = Release|Any CPU
	EndGlobalSection
	GlobalSection(SolutionProperties) = preSolution
		HideSolutionNode = FALSE
	EndGlobalSection
	GlobalSection(ExtensibilityGlobals) = postSolution
		SolutionGuid = {89F570C1-2F2E-4E57-8C32-7C3AFAF2BD1F}
	EndGlobalSection
EndGlobal
